github.com/ReidRise/simplelogger v0.1.2 h1:BLnq0lzSNni3SCy0JuJc8GXRSd0WYufkZ477X7Po/xs=
github.com/ReidRise/simplelogger v0.1.2/go.mod h1:b8A0pPSkxzrc6yNx3lK1MWMxyZl46lKjfUDTglhaX5Q=
github.com/ReidRise/simplelogger v0.1.3 h1:QKCTMF4xBgfSCyOxrFk7WHp6XMgMWidqkz2PvnVFJ30=
github.com/ReidRise/simplelogger v0.1.3/go.mod h1:b8A0pPSkxzrc6yNx3lK1MWMxyZl46lKjfUDTglhaX5Q=
